
Microsoft Visual Studio Solution File, Format Version 12.00
# Visual Studio 15
Project("{FAE04EC0-301F-11D3-BF4B-00C04F79EFBC}") = "Starter", "Starter.csproj", "{7346FB98-C368-45CB-893A-BD5A726DC917}"
EndProject
Global
	GlobalSection(SolutionConfigurationPlatforms) = preSolution
		Debug|Any CPU = Debug|Any CPU
		Release|Any CPU = Release|Any CPU
	EndGlobalSection
	GlobalSection(ProjectConfigurationPlatforms) = postSolution
		{7346FB98-C368-45CB-893A-BD5A726DC917}.Debug|Any CPU.ActiveCfg = Debug|Any CPU
		{7346FB98-C368-45CB-893A-BD5A726DC917}.Debug|Any CPU.Build.0 = Debug|Any CPU
		{7346FB98-C368-45CB-893A-BD5A726DC917}.Release|Any CPU.ActiveCfg = Release|Any CPU
		{7346FB98-C368-45CB-893A-BD5A726DC917}.Release|Any CPU.Build.0 = Release|Any CPU
	EndGlobalSection
EndGlobal
